
Microsoft Visual Studio Solution File, Format Version 12.00
# Visual Studio Version 17
VisualStudioVersion = 17.5.33627.172
MinimumVisualStudioVersion = 10.0.40219.1
Project("{FAE04EC0-301F-11D3-BF4B-00C04F79EFBC}") = "OracleWebAPIService", "OracleWebAPIService\OracleWebAPIService.csproj", "{15DC647D-AFF5-46AC-8E8A-631D4866EF85}"
EndProject
Project("{FAE04EC0-301F-11D3-BF4B-00C04F79EFBC}") = "DeathstarLibrary", "DeathstarLibrary\DeathstarLibrary.csproj", "{8D7470DC-1FC6-4B04-85BB-BC3271518FFD}"
EndProject
Global
	GlobalSection(SolutionConfigurationPlatforms) = preSolution
		Debug|Any CPU = Debug|Any CPU
		Release|Any CPU = Release|Any CPU
	EndGlobalSection
	GlobalSection(ProjectConfigurationPlatforms) = postSolution
		{15DC647D-AFF5-46AC-8E8A-631D4866EF85}.Debug|Any CPU.ActiveCfg = Debug|Any CPU
		{15DC647D-AFF5-46AC-8E8A-631D4866EF85}.Debug|Any CPU.Build.0 = Debug|Any CPU
		{15DC647D-AFF5-46AC-8E8A-631D4866EF85}.Release|Any CPU.ActiveCfg = Release|Any CPU
		{15DC647D-AFF5-46AC-8E8A-631D4866EF85}.Release|Any CPU.Build.0 = Release|Any CPU
		{8D7470DC-1FC6-4B04-85BB-BC3271518FFD}.Debug|Any CPU.ActiveCfg = Debug|Any CPU
		{8D7470DC-1FC6-4B04-85BB-BC3271518FFD}.Debug|Any CPU.Build.0 = Debug|Any CPU
		{8D7470DC-1FC6-4B04-85BB-BC3271518FFD}.Release|Any CPU.ActiveCfg = Release|Any CPU
		{8D7470DC-1FC6-4B04-85BB-BC3271518FFD}.Release|Any CPU.Build.0 = Release|Any CPU
	EndGlobalSection
	GlobalSection(SolutionProperties) = preSolution
		HideSolutionNode = FALSE
	EndGlobalSection
	GlobalSection(ExtensibilityGlobals) = postSolution
		SolutionGuid = {96814F25-7C9D-48AA-BA4F-3B998110EFD3}
	EndGlobalSection
EndGlobal
