
Microsoft Visual Studio Solution File, Format Version 12.00
# Visual Studio Version 17
VisualStudioVersion = 17.5.33530.505
MinimumVisualStudioVersion = 10.0.40219.1
Project("{FAE04EC0-301F-11D3-BF4B-00C04F79EFBC}") = "Deathstar", "Deathstar\Deathstar.csproj", "{B3FE9E59-07B1-4AEA-A02C-3B09C678EA20}"
EndProject
Global
	GlobalSection(SolutionConfigurationPlatforms) = preSolution
		Debug|Any CPU = Debug|Any CPU
		Release|Any CPU = Release|Any CPU
	EndGlobalSection
	GlobalSection(ProjectConfigurationPlatforms) = postSolution
		{B3FE9E59-07B1-4AEA-A02C-3B09C678EA20}.Debug|Any CPU.ActiveCfg = Debug|Any CPU
		{B3FE9E59-07B1-4AEA-A02C-3B09C678EA20}.Debug|Any CPU.Build.0 = Debug|Any CPU
		{B3FE9E59-07B1-4AEA-A02C-3B09C678EA20}.Release|Any CPU.ActiveCfg = Release|Any CPU
		{B3FE9E59-07B1-4AEA-A02C-3B09C678EA20}.Release|Any CPU.Build.0 = Release|Any CPU
	EndGlobalSection
	GlobalSection(SolutionProperties) = preSolution
		HideSolutionNode = FALSE
	EndGlobalSection
	GlobalSection(ExtensibilityGlobals) = postSolution
		SolutionGuid = {2D2C15D2-F757-408E-B64B-08B2F0FB64CF}
	EndGlobalSection
EndGlobal
